Microsoft Visual Studio Solution File, Format Version 11.00
# Visual Studio 2019

Project("{8BC9CEB8-8B4A-11D0-8D11-00A0C91BC942}") = "La Grana - Standalone Plugin", "La Grana_StandalonePlugin.vcxproj", "{F9A9FCE9-61AD-AA36-AB80-0E8FD2606E8A}"
	ProjectSection(ProjectDependencies) = postProject
		{30931330-47A7-A8E0-B639-B3F362CF9B28} = {30931330-47A7-A8E0-B639-B3F362CF9B28}
	EndProjectSection
EndProject
Project("{8BC9CEB8-8B4A-11D0-8D11-00A0C91BC942}") = "La Grana - VST3", "La Grana_VST3.vcxproj", "{1B4F2713-962B-2277-F3E4-22A599DC0927}"
	ProjectSection(ProjectDependencies) = postProject
		{30931330-47A7-A8E0-B639-B3F362CF9B28} = {30931330-47A7-A8E0-B639-B3F362CF9B28}
	EndProjectSection
EndProject
Project("{8BC9CEB8-8B4A-11D0-8D11-00A0C91BC942}") = "La Grana - Shared Code", "La Grana_SharedCode.vcxproj", "{30931330-47A7-A8E0-B639-B3F362CF9B28}"
EndProject
Global
	GlobalSection(SolutionConfigurationPlatforms) = preSolution
		Debug|x64 = Debug|x64
		Release|x64 = Release|x64
	EndGlobalSection
	GlobalSection(ProjectConfigurationPlatforms) = postSolution
		{1B4F2713-962B-2277-F3E4-22A599DC0927}.Debug|x64.ActiveCfg = Debug|x64
		{1B4F2713-962B-2277-F3E4-22A599DC0927}.Debug|x64.Build.0 = Debug|x64
		{1B4F2713-962B-2277-F3E4-22A599DC0927}.Release|x64.ActiveCfg = Release|x64
		{1B4F2713-962B-2277-F3E4-22A599DC0927}.Release|x64.Build.0 = Release|x64
		{F9A9FCE9-61AD-AA36-AB80-0E8FD2606E8A}.Debug|x64.ActiveCfg = Debug|x64
		{F9A9FCE9-61AD-AA36-AB80-0E8FD2606E8A}.Debug|x64.Build.0 = Debug|x64
		{F9A9FCE9-61AD-AA36-AB80-0E8FD2606E8A}.Release|x64.ActiveCfg = Release|x64
		{F9A9FCE9-61AD-AA36-AB80-0E8FD2606E8A}.Release|x64.Build.0 = Release|x64
		{30931330-47A7-A8E0-B639-B3F362CF9B28}.Debug|x64.ActiveCfg = Debug|x64
		{30931330-47A7-A8E0-B639-B3F362CF9B28}.Debug|x64.Build.0 = Debug|x64
		{30931330-47A7-A8E0-B639-B3F362CF9B28}.Release|x64.ActiveCfg = Release|x64
		{30931330-47A7-A8E0-B639-B3F362CF9B28}.Release|x64.Build.0 = Release|x64
	EndGlobalSection
	GlobalSection(SolutionProperties) = preSolution
		HideSolutionNode = FALSE
	EndGlobalSection
EndGlobal
